
Microsoft Visual Studio Solution File, Format Version 12.00
# Visual Studio Version 17
VisualStudioVersion = 17.8.34408.163
MinimumVisualStudioVersion = 10.0.40219.1
Project("{FAE04EC0-301F-11D3-BF4B-00C04F79EFBC}") = "WindowsFormsAppW2C1", "WindowsFormsAppW2C1\WindowsFormsAppW2C1.csproj", "{EAF55CAF-F3DC-41C9-A1BB-8D60DE1DCA83}"
EndProject
Global
	GlobalSection(SolutionConfigurationPlatforms) = preSolution
		Debug|Any CPU = Debug|Any CPU
		Release|Any CPU = Release|Any CPU
	EndGlobalSection
	GlobalSection(ProjectConfigurationPlatforms) = postSolution
		{EAF55CAF-F3DC-41C9-A1BB-8D60DE1DCA83}.Debug|Any CPU.ActiveCfg = Debug|Any CPU
		{EAF55CAF-F3DC-41C9-A1BB-8D60DE1DCA83}.Debug|Any CPU.Build.0 = Debug|Any CPU
		{EAF55CAF-F3DC-41C9-A1BB-8D60DE1DCA83}.Release|Any CPU.ActiveCfg = Release|Any CPU
		{EAF55CAF-F3DC-41C9-A1BB-8D60DE1DCA83}.Release|Any CPU.Build.0 = Release|Any CPU
	EndGlobalSection
	GlobalSection(SolutionProperties) = preSolution
		HideSolutionNode = FALSE
	EndGlobalSection
	GlobalSection(ExtensibilityGlobals) = postSolution
		SolutionGuid = {71436524-1BA8-4C9A-BC1A-71DE31899177}
	EndGlobalSection
EndGlobal
